
Microsoft Visual Studio Solution File, Format Version 12.00
# Visual Studio Version 17
VisualStudioVersion = 17.0.32002.185
MinimumVisualStudioVersion = 10.0.40219.1
Project("{9A19103F-16F7-4668-BE54-9A1E7A4F7556}") = "BillByTime.Domain", "BillByTime.Domain\BillByTime.Domain.csproj", "{C4C9075A-3A70-4708-BB88-4563F9BAE646}"
EndProject
Project("{9A19103F-16F7-4668-BE54-9A1E7A4F7556}") = "BillByTime.Common", "BillByTime.Common\BillByTime.Common.csproj", "{FD5E3331-1158-4235-A1A6-ED028011BF05}"
EndProject
Project("{FAE04EC0-301F-11D3-BF4B-00C04F79EFBC}") = "BillByTime.Persistence", "BillByTime.Persistence\BillByTime.Persistence.csproj", "{4481EBC5-02A2-465E-886C-598BEC35A921}"
EndProject
Project("{FAE04EC0-301F-11D3-BF4B-00C04F79EFBC}") = "BillByTime.IntegrationTest", "BillByTime.IntegrationTest\BillByTime.IntegrationTest.csproj", "{F0D9FB7F-5152-4733-BE85-DE35F3497A54}"
EndProject
Global
	GlobalSection(SolutionConfigurationPlatforms) = preSolution
		Debug|Any CPU = Debug|Any CPU
		Release|Any CPU = Release|Any CPU
	EndGlobalSection
	GlobalSection(ProjectConfigurationPlatforms) = postSolution
		{C4C9075A-3A70-4708-BB88-4563F9BAE646}.Debug|Any CPU.ActiveCfg = Debug|Any CPU
		{C4C9075A-3A70-4708-BB88-4563F9BAE646}.Debug|Any CPU.Build.0 = Debug|Any CPU
		{C4C9075A-3A70-4708-BB88-4563F9BAE646}.Release|Any CPU.ActiveCfg = Release|Any CPU
		{C4C9075A-3A70-4708-BB88-4563F9BAE646}.Release|Any CPU.Build.0 = Release|Any CPU
		{FD5E3331-1158-4235-A1A6-ED028011BF05}.Debug|Any CPU.ActiveCfg = Debug|Any CPU
		{FD5E3331-1158-4235-A1A6-ED028011BF05}.Debug|Any CPU.Build.0 = Debug|Any CPU
		{FD5E3331-1158-4235-A1A6-ED028011BF05}.Release|Any CPU.ActiveCfg = Release|Any CPU
		{FD5E3331-1158-4235-A1A6-ED028011BF05}.Release|Any CPU.Build.0 = Release|Any CPU
		{4481EBC5-02A2-465E-886C-598BEC35A921}.Debug|Any CPU.ActiveCfg = Debug|Any CPU
		{4481EBC5-02A2-465E-886C-598BEC35A921}.Debug|Any CPU.Build.0 = Debug|Any CPU
		{4481EBC5-02A2-465E-886C-598BEC35A921}.Release|Any CPU.ActiveCfg = Release|Any CPU
		{4481EBC5-02A2-465E-886C-598BEC35A921}.Release|Any CPU.Build.0 = Release|Any CPU
		{F0D9FB7F-5152-4733-BE85-DE35F3497A54}.Debug|Any CPU.ActiveCfg = Debug|Any CPU
		{F0D9FB7F-5152-4733-BE85-DE35F3497A54}.Debug|Any CPU.Build.0 = Debug|Any CPU
		{F0D9FB7F-5152-4733-BE85-DE35F3497A54}.Release|Any CPU.ActiveCfg = Release|Any CPU
		{F0D9FB7F-5152-4733-BE85-DE35F3497A54}.Release|Any CPU.Build.0 = Release|Any CPU
	EndGlobalSection
	GlobalSection(SolutionProperties) = preSolution
		HideSolutionNode = FALSE
	EndGlobalSection
	GlobalSection(ExtensibilityGlobals) = postSolution
		SolutionGuid = {BC32AF51-3877-4028-AC8C-FF70CAE12FD2}
	EndGlobalSection
EndGlobal
